Microsoft Visual Studio Solution File, Format Version 12.00
# Visual Studio Version 17
VisualStudioVersion = 17.5.2.0
MinimumVisualStudioVersion = 10.0.40219.1
Project("{FAE04EC0-301F-11D3-BF4B-00C04F79EFBC}") = "Events.API", "Events.API.csproj", "{49EB8CC8-98DB-F91A-F27C-06DE35CCD44B}"
EndProject
Global
	GlobalSection(SolutionConfigurationPlatforms) = preSolution
		Debug|Any CPU = Debug|Any CPU
		Release|Any CPU = Release|Any CPU
	EndGlobalSection
	GlobalSection(ProjectConfigurationPlatforms) = postSolution
		{49EB8CC8-98DB-F91A-F27C-06DE35CCD44B}.Debug|Any CPU.ActiveCfg = Debug|Any CPU
		{49EB8CC8-98DB-F91A-F27C-06DE35CCD44B}.Debug|Any CPU.Build.0 = Debug|Any CPU
		{49EB8CC8-98DB-F91A-F27C-06DE35CCD44B}.Release|Any CPU.ActiveCfg = Release|Any CPU
		{49EB8CC8-98DB-F91A-F27C-06DE35CCD44B}.Release|Any CPU.Build.0 = Release|Any CPU
	EndGlobalSection
	GlobalSection(SolutionProperties) = preSolution
		HideSolutionNode = FALSE
	EndGlobalSection
	GlobalSection(ExtensibilityGlobals) = postSolution
		SolutionGuid = {4F74FE7A-92FB-4245-8D63-3246B718ACD1}
	EndGlobalSection
EndGlobal
