
Microsoft Visual Studio Solution File, Format Version 12.00
# Visual Studio Version 17
VisualStudioVersion = 17.0.31903.59
MinimumVisualStudioVersion = 10.0.40219.1
Project("{2150E333-8FDC-42A3-9474-1A3956D46DE8}") = "AspireOrchestration", "AspireOrchestration", "{755B1F3D-3AC5-2B33-F0F0-57EF8FFF673B}"
EndProject
Project("{FAE04EC0-301F-11D3-BF4B-00C04F79EFBC}") = "AspireOrchestration.AppHost", "AspireOrchestration\AspireOrchestration.AppHost\AspireOrchestration.AppHost.csproj", "{D76129F0-18D4-4370-8F89-484B9AA2CFA3}"
EndProject
Project("{FAE04EC0-301F-11D3-BF4B-00C04F79EFBC}") = "Auth.API", "Auth\Auth.API\Auth.API.csproj", "{134F2F62-0AFB-4A39-831B-4DAC7CD3D204}"
EndProject
Project("{FAE04EC0-301F-11D3-BF4B-00C04F79EFBC}") = "Auth.BLL", "Auth\Auth.BLL\Auth.BLL.csproj", "{933E7457-1D1F-4F49-B443-8A196CF5F89B}"
EndProject
Project("{FAE04EC0-301F-11D3-BF4B-00C04F79EFBC}") = "Auth.DAL", "Auth\Auth.DAL\Auth.DAL.csproj", "{AE116A8E-2D46-4669-B3D8-E70BEA88CD9E}"
EndProject
Project("{FAE04EC0-301F-11D3-BF4B-00C04F79EFBC}") = "Booking.API", "Booking\Booking.API\Booking.API.csproj", "{B9EF50C6-EA16-4A4C-A754-0A0F1096546F}"
EndProject
Project("{FAE04EC0-301F-11D3-BF4B-00C04F79EFBC}") = "Events.API", "Events\Events.API\Events.API.csproj", "{CAE2FB9E-1710-4BAC-B466-E3F795D64483}"
EndProject
Project("{FAE04EC0-301F-11D3-BF4B-00C04F79EFBC}") = "Rooms.API", "Rooms\Rooms.API\Rooms.API.csproj", "{6E1F40A6-ECF2-4456-A5C5-C83FF14715D3}"
EndProject
Project("{FAE04EC0-301F-11D3-BF4B-00C04F79EFBC}") = "Shared.PagedList", "Shared\Shared.PagedList\Shared.PagedList.csproj", "{8AB8FF19-242E-4DC2-BB5F-AD1687F0119C}"
EndProject
Project("{FAE04EC0-301F-11D3-BF4B-00C04F79EFBC}") = "Shared.TokenService", "Shared\Shared.TokenService\Shared.TokenService.csproj", "{F53F0ED6-589D-4934-B0F7-6FC9F980E8B6}"
EndProject
Project("{2150E333-8FDC-42A3-9474-1A3956D46DE8}") = "Shared", "Shared", "{4F52FD11-658E-A102-6CD3-7D7C16FFA15B}"
EndProject
Project("{FAE04EC0-301F-11D3-BF4B-00C04F79EFBC}") = "Shared.UserServiceClient", "Shared\Shared.UserServiceClient\Shared.UserServiceClient.csproj", "{B752351E-2A5E-4CB6-B6B6-0241C8D590F6}"
EndProject
Global
	GlobalSection(SolutionConfigurationPlatforms) = preSolution
		Debug|Any CPU = Debug|Any CPU
		Debug|x64 = Debug|x64
		Debug|x86 = Debug|x86
		Release|Any CPU = Release|Any CPU
		Release|x64 = Release|x64
		Release|x86 = Release|x86
	EndGlobalSection
	GlobalSection(ProjectConfigurationPlatforms) = postSolution
		{D76129F0-18D4-4370-8F89-484B9AA2CFA3}.Debug|Any CPU.ActiveCfg = Debug|Any CPU
		{D76129F0-18D4-4370-8F89-484B9AA2CFA3}.Debug|Any CPU.Build.0 = Debug|Any CPU
		{D76129F0-18D4-4370-8F89-484B9AA2CFA3}.Debug|x64.ActiveCfg = Debug|Any CPU
		{D76129F0-18D4-4370-8F89-484B9AA2CFA3}.Debug|x64.Build.0 = Debug|Any CPU
		{D76129F0-18D4-4370-8F89-484B9AA2CFA3}.Debug|x86.ActiveCfg = Debug|Any CPU
		{D76129F0-18D4-4370-8F89-484B9AA2CFA3}.Debug|x86.Build.0 = Debug|Any CPU
		{D76129F0-18D4-4370-8F89-484B9AA2CFA3}.Release|Any CPU.ActiveCfg = Release|Any CPU
		{D76129F0-18D4-4370-8F89-484B9AA2CFA3}.Release|Any CPU.Build.0 = Release|Any CPU
		{D76129F0-18D4-4370-8F89-484B9AA2CFA3}.Release|x64.ActiveCfg = Release|Any CPU
		{D76129F0-18D4-4370-8F89-484B9AA2CFA3}.Release|x64.Build.0 = Release|Any CPU
		{D76129F0-18D4-4370-8F89-484B9AA2CFA3}.Release|x86.ActiveCfg = Release|Any CPU
		{D76129F0-18D4-4370-8F89-484B9AA2CFA3}.Release|x86.Build.0 = Release|Any CPU
		{134F2F62-0AFB-4A39-831B-4DAC7CD3D204}.Debug|Any CPU.ActiveCfg = Debug|Any CPU
		{134F2F62-0AFB-4A39-831B-4DAC7CD3D204}.Debug|Any CPU.Build.0 = Debug|Any CPU
		{134F2F62-0AFB-4A39-831B-4DAC7CD3D204}.Debug|x64.ActiveCfg = Debug|Any CPU
		{134F2F62-0AFB-4A39-831B-4DAC7CD3D204}.Debug|x64.Build.0 = Debug|Any CPU
		{134F2F62-0AFB-4A39-831B-4DAC7CD3D204}.Debug|x86.ActiveCfg = Debug|Any CPU
		{134F2F62-0AFB-4A39-831B-4DAC7CD3D204}.Debug|x86.Build.0 = Debug|Any CPU
		{134F2F62-0AFB-4A39-831B-4DAC7CD3D204}.Release|Any CPU.ActiveCfg = Release|Any CPU
		{134F2F62-0AFB-4A39-831B-4DAC7CD3D204}.Release|Any CPU.Build.0 = Release|Any CPU
		{134F2F62-0AFB-4A39-831B-4DAC7CD3D204}.Release|x64.ActiveCfg = Release|Any CPU
		{134F2F62-0AFB-4A39-831B-4DAC7CD3D204}.Release|x64.Build.0 = Release|Any CPU
		{134F2F62-0AFB-4A39-831B-4DAC7CD3D204}.Release|x86.ActiveCfg = Release|Any CPU
		{134F2F62-0AFB-4A39-831B-4DAC7CD3D204}.Release|x86.Build.0 = Release|Any CPU
		{933E7457-1D1F-4F49-B443-8A196CF5F89B}.Debug|Any CPU.ActiveCfg = Debug|Any CPU
		{933E7457-1D1F-4F49-B443-8A196CF5F89B}.Debug|Any CPU.Build.0 = Debug|Any CPU
		{933E7457-1D1F-4F49-B443-8A196CF5F89B}.Debug|x64.ActiveCfg = Debug|Any CPU
		{933E7457-1D1F-4F49-B443-8A196CF5F89B}.Debug|x64.Build.0 = Debug|Any CPU
		{933E7457-1D1F-4F49-B443-8A196CF5F89B}.Debug|x86.ActiveCfg = Debug|Any CPU
		{933E7457-1D1F-4F49-B443-8A196CF5F89B}.Debug|x86.Build.0 = Debug|Any CPU
		{933E7457-1D1F-4F49-B443-8A196CF5F89B}.Release|Any CPU.ActiveCfg = Release|Any CPU
		{933E7457-1D1F-4F49-B443-8A196CF5F89B}.Release|Any CPU.Build.0 = Release|Any CPU
		{933E7457-1D1F-4F49-B443-8A196CF5F89B}.Release|x64.ActiveCfg = Release|Any CPU
		{933E7457-1D1F-4F49-B443-8A196CF5F89B}.Release|x64.Build.0 = Release|Any CPU
		{933E7457-1D1F-4F49-B443-8A196CF5F89B}.Release|x86.ActiveCfg = Release|Any CPU
		{933E7457-1D1F-4F49-B443-8A196CF5F89B}.Release|x86.Build.0 = Release|Any CPU
		{AE116A8E-2D46-4669-B3D8-E70BEA88CD9E}.Debug|Any CPU.ActiveCfg = Debug|Any CPU
		{AE116A8E-2D46-4669-B3D8-E70BEA88CD9E}.Debug|Any CPU.Build.0 = Debug|Any CPU
		{AE116A8E-2D46-4669-B3D8-E70BEA88CD9E}.Debug|x64.ActiveCfg = Debug|Any CPU
		{AE116A8E-2D46-4669-B3D8-E70BEA88CD9E}.Debug|x64.Build.0 = Debug|Any CPU
		{AE116A8E-2D46-4669-B3D8-E70BEA88CD9E}.Debug|x86.ActiveCfg = Debug|Any CPU
		{AE116A8E-2D46-4669-B3D8-E70BEA88CD9E}.Debug|x86.Build.0 = Debug|Any CPU
		{AE116A8E-2D46-4669-B3D8-E70BEA88CD9E}.Release|Any CPU.ActiveCfg = Release|Any CPU
		{AE116A8E-2D46-4669-B3D8-E70BEA88CD9E}.Release|Any CPU.Build.0 = Release|Any CPU
		{AE116A8E-2D46-4669-B3D8-E70BEA88CD9E}.Release|x64.ActiveCfg = Release|Any CPU
		{AE116A8E-2D46-4669-B3D8-E70BEA88CD9E}.Release|x64.Build.0 = Release|Any CPU
		{AE116A8E-2D46-4669-B3D8-E70BEA88CD9E}.Release|x86.ActiveCfg = Release|Any CPU
		{AE116A8E-2D46-4669-B3D8-E70BEA88CD9E}.Release|x86.Build.0 = Release|Any CPU
		{B9EF50C6-EA16-4A4C-A754-0A0F1096546F}.Debug|Any CPU.ActiveCfg = Debug|Any CPU
		{B9EF50C6-EA16-4A4C-A754-0A0F1096546F}.Debug|Any CPU.Build.0 = Debug|Any CPU
		{B9EF50C6-EA16-4A4C-A754-0A0F1096546F}.Debug|x64.ActiveCfg = Debug|Any CPU
		{B9EF50C6-EA16-4A4C-A754-0A0F1096546F}.Debug|x64.Build.0 = Debug|Any CPU
		{B9EF50C6-EA16-4A4C-A754-0A0F1096546F}.Debug|x86.ActiveCfg = Debug|Any CPU
		{B9EF50C6-EA16-4A4C-A754-0A0F1096546F}.Debug|x86.Build.0 = Debug|Any CPU
		{B9EF50C6-EA16-4A4C-A754-0A0F1096546F}.Release|Any CPU.ActiveCfg = Release|Any CPU
		{B9EF50C6-EA16-4A4C-A754-0A0F1096546F}.Release|Any CPU.Build.0 = Release|Any CPU
		{B9EF50C6-EA16-4A4C-A754-0A0F1096546F}.Release|x64.ActiveCfg = Release|Any CPU
		{B9EF50C6-EA16-4A4C-A754-0A0F1096546F}.Release|x64.Build.0 = Release|Any CPU
		{B9EF50C6-EA16-4A4C-A754-0A0F1096546F}.Release|x86.ActiveCfg = Release|Any CPU
		{B9EF50C6-EA16-4A4C-A754-0A0F1096546F}.Release|x86.Build.0 = Release|Any CPU
		{CAE2FB9E-1710-4BAC-B466-E3F795D64483}.Debug|Any CPU.ActiveCfg = Debug|Any CPU
		{CAE2FB9E-1710-4BAC-B466-E3F795D64483}.Debug|Any CPU.Build.0 = Debug|Any CPU
		{CAE2FB9E-1710-4BAC-B466-E3F795D64483}.Debug|x64.ActiveCfg = Debug|Any CPU
		{CAE2FB9E-1710-4BAC-B466-E3F795D64483}.Debug|x64.Build.0 = Debug|Any CPU
		{CAE2FB9E-1710-4BAC-B466-E3F795D64483}.Debug|x86.ActiveCfg = Debug|Any CPU
		{CAE2FB9E-1710-4BAC-B466-E3F795D64483}.Debug|x86.Build.0 = Debug|Any CPU
		{CAE2FB9E-1710-4BAC-B466-E3F795D64483}.Release|Any CPU.ActiveCfg = Release|Any CPU
		{CAE2FB9E-1710-4BAC-B466-E3F795D64483}.Release|Any CPU.Build.0 = Release|Any CPU
		{CAE2FB9E-1710-4BAC-B466-E3F795D64483}.Release|x64.ActiveCfg = Release|Any CPU
		{CAE2FB9E-1710-4BAC-B466-E3F795D64483}.Release|x64.Build.0 = Release|Any CPU
		{CAE2FB9E-1710-4BAC-B466-E3F795D64483}.Release|x86.ActiveCfg = Release|Any CPU
		{CAE2FB9E-1710-4BAC-B466-E3F795D64483}.Release|x86.Build.0 = Release|Any CPU
		{6E1F40A6-ECF2-4456-A5C5-C83FF14715D3}.Debug|Any CPU.ActiveCfg = Debug|Any CPU
		{6E1F40A6-ECF2-4456-A5C5-C83FF14715D3}.Debug|Any CPU.Build.0 = Debug|Any CPU
		{6E1F40A6-ECF2-4456-A5C5-C83FF14715D3}.Debug|x64.ActiveCfg = Debug|Any CPU
		{6E1F40A6-ECF2-4456-A5C5-C83FF14715D3}.Debug|x64.Build.0 = Debug|Any CPU
		{6E1F40A6-ECF2-4456-A5C5-C83FF14715D3}.Debug|x86.ActiveCfg = Debug|Any CPU
		{6E1F40A6-ECF2-4456-A5C5-C83FF14715D3}.Debug|x86.Build.0 = Debug|Any CPU
		{6E1F40A6-ECF2-4456-A5C5-C83FF14715D3}.Release|Any CPU.ActiveCfg = Release|Any CPU
		{6E1F40A6-ECF2-4456-A5C5-C83FF14715D3}.Release|Any CPU.Build.0 = Release|Any CPU
		{6E1F40A6-ECF2-4456-A5C5-C83FF14715D3}.Release|x64.ActiveCfg = Release|Any CPU
		{6E1F40A6-ECF2-4456-A5C5-C83FF14715D3}.Release|x64.Build.0 = Release|Any CPU
		{6E1F40A6-ECF2-4456-A5C5-C83FF14715D3}.Release|x86.ActiveCfg = Release|Any CPU
		{6E1F40A6-ECF2-4456-A5C5-C83FF14715D3}.Release|x86.Build.0 = Release|Any CPU
		{8AB8FF19-242E-4DC2-BB5F-AD1687F0119C}.Debug|Any CPU.ActiveCfg = Debug|Any CPU
		{8AB8FF19-242E-4DC2-BB5F-AD1687F0119C}.Debug|Any CPU.Build.0 = Debug|Any CPU
		{8AB8FF19-242E-4DC2-BB5F-AD1687F0119C}.Debug|x64.ActiveCfg = Debug|Any CPU
		{8AB8FF19-242E-4DC2-BB5F-AD1687F0119C}.Debug|x64.Build.0 = Debug|Any CPU
		{8AB8FF19-242E-4DC2-BB5F-AD1687F0119C}.Debug|x86.ActiveCfg = Debug|Any CPU
		{8AB8FF19-242E-4DC2-BB5F-AD1687F0119C}.Debug|x86.Build.0 = Debug|Any CPU
		{8AB8FF19-242E-4DC2-BB5F-AD1687F0119C}.Release|Any CPU.ActiveCfg = Release|Any CPU
		{8AB8FF19-242E-4DC2-BB5F-AD1687F0119C}.Release|Any CPU.Build.0 = Release|Any CPU
		{8AB8FF19-242E-4DC2-BB5F-AD1687F0119C}.Release|x64.ActiveCfg = Release|Any CPU
		{8AB8FF19-242E-4DC2-BB5F-AD1687F0119C}.Release|x64.Build.0 = Release|Any CPU
		{8AB8FF19-242E-4DC2-BB5F-AD1687F0119C}.Release|x86.ActiveCfg = Release|Any CPU
		{8AB8FF19-242E-4DC2-BB5F-AD1687F0119C}.Release|x86.Build.0 = Release|Any CPU
		{F53F0ED6-589D-4934-B0F7-6FC9F980E8B6}.Debug|Any CPU.ActiveCfg = Debug|Any CPU
		{F53F0ED6-589D-4934-B0F7-6FC9F980E8B6}.Debug|Any CPU.Build.0 = Debug|Any CPU
		{F53F0ED6-589D-4934-B0F7-6FC9F980E8B6}.Debug|x64.ActiveCfg = Debug|Any CPU
		{F53F0ED6-589D-4934-B0F7-6FC9F980E8B6}.Debug|x64.Build.0 = Debug|Any CPU
		{F53F0ED6-589D-4934-B0F7-6FC9F980E8B6}.Debug|x86.ActiveCfg = Debug|Any CPU
		{F53F0ED6-589D-4934-B0F7-6FC9F980E8B6}.Debug|x86.Build.0 = Debug|Any CPU
		{F53F0ED6-589D-4934-B0F7-6FC9F980E8B6}.Release|Any CPU.ActiveCfg = Release|Any CPU
		{F53F0ED6-589D-4934-B0F7-6FC9F980E8B6}.Release|Any CPU.Build.0 = Release|Any CPU
		{F53F0ED6-589D-4934-B0F7-6FC9F980E8B6}.Release|x64.ActiveCfg = Release|Any CPU
		{F53F0ED6-589D-4934-B0F7-6FC9F980E8B6}.Release|x64.Build.0 = Release|Any CPU
		{F53F0ED6-589D-4934-B0F7-6FC9F980E8B6}.Release|x86.ActiveCfg = Release|Any CPU
		{F53F0ED6-589D-4934-B0F7-6FC9F980E8B6}.Release|x86.Build.0 = Release|Any CPU
		{B752351E-2A5E-4CB6-B6B6-0241C8D590F6}.Debug|Any CPU.ActiveCfg = Debug|Any CPU
		{B752351E-2A5E-4CB6-B6B6-0241C8D590F6}.Debug|Any CPU.Build.0 = Debug|Any CPU
		{B752351E-2A5E-4CB6-B6B6-0241C8D590F6}.Debug|x64.ActiveCfg = Debug|Any CPU
		{B752351E-2A5E-4CB6-B6B6-0241C8D590F6}.Debug|x64.Build.0 = Debug|Any CPU
		{B752351E-2A5E-4CB6-B6B6-0241C8D590F6}.Debug|x86.ActiveCfg = Debug|Any CPU
		{B752351E-2A5E-4CB6-B6B6-0241C8D590F6}.Debug|x86.Build.0 = Debug|Any CPU
		{B752351E-2A5E-4CB6-B6B6-0241C8D590F6}.Release|Any CPU.ActiveCfg = Release|Any CPU
		{B752351E-2A5E-4CB6-B6B6-0241C8D590F6}.Release|Any CPU.Build.0 = Release|Any CPU
		{B752351E-2A5E-4CB6-B6B6-0241C8D590F6}.Release|x64.ActiveCfg = Release|Any CPU
		{B752351E-2A5E-4CB6-B6B6-0241C8D590F6}.Release|x64.Build.0 = Release|Any CPU
		{B752351E-2A5E-4CB6-B6B6-0241C8D590F6}.Release|x86.ActiveCfg = Release|Any CPU
		{B752351E-2A5E-4CB6-B6B6-0241C8D590F6}.Release|x86.Build.0 = Release|Any CPU
	EndGlobalSection
	GlobalSection(SolutionProperties) = preSolution
		HideSolutionNode = FALSE
	EndGlobalSection
	GlobalSection(NestedProjects) = preSolution
		{D76129F0-18D4-4370-8F89-484B9AA2CFA3} = {755B1F3D-3AC5-2B33-F0F0-57EF8FFF673B}
		{134F2F62-0AFB-4A39-831B-4DAC7CD3D204} = {755B1F3D-3AC5-2B33-F0F0-57EF8FFF673B}
		{933E7457-1D1F-4F49-B443-8A196CF5F89B} = {755B1F3D-3AC5-2B33-F0F0-57EF8FFF673B}
		{AE116A8E-2D46-4669-B3D8-E70BEA88CD9E} = {755B1F3D-3AC5-2B33-F0F0-57EF8FFF673B}
		{B9EF50C6-EA16-4A4C-A754-0A0F1096546F} = {755B1F3D-3AC5-2B33-F0F0-57EF8FFF673B}
		{CAE2FB9E-1710-4BAC-B466-E3F795D64483} = {755B1F3D-3AC5-2B33-F0F0-57EF8FFF673B}
		{6E1F40A6-ECF2-4456-A5C5-C83FF14715D3} = {755B1F3D-3AC5-2B33-F0F0-57EF8FFF673B}
		{8AB8FF19-242E-4DC2-BB5F-AD1687F0119C} = {755B1F3D-3AC5-2B33-F0F0-57EF8FFF673B}
		{F53F0ED6-589D-4934-B0F7-6FC9F980E8B6} = {755B1F3D-3AC5-2B33-F0F0-57EF8FFF673B}
		{B752351E-2A5E-4CB6-B6B6-0241C8D590F6} = {4F52FD11-658E-A102-6CD3-7D7C16FFA15B}
	EndGlobalSection
EndGlobal
